
Microsoft Visual Studio Solution File, Format Version 12.00
# Visual Studio Version 16
VisualStudioVersion = 16.0.32228.343
MinimumVisualStudioVersion = 10.0.40219.1
Project("{2150E333-8FDC-42A3-9474-1A3956D46DE8}") = "Cross", "Cross", "{9ACD0FE9-4CD3-4DD5-9E75-E9D8E7ABFBA3}"
EndProject
Project("{2150E333-8FDC-42A3-9474-1A3956D46DE8}") = "Projects", "Projects", "{AD6A4ACF-6992-4BED-A141-752145C65699}"
EndProject
Project("{2150E333-8FDC-42A3-9474-1A3956D46DE8}") = "Gateway", "Gateway", "{3249A064-3940-48F2-90BC-25E161A31CB1}"
EndProject
Project("{2150E333-8FDC-42A3-9474-1A3956D46DE8}") = "Microservices", "Microservices", "{03F93760-B0A0-43CA-BF74-943ED0D11615}"
EndProject
Project("{2150E333-8FDC-42A3-9474-1A3956D46DE8}") = "Account", "Account", "{9C7CBD4C-F425-45DF-9623-BFB7C3DA0FA1}"
EndProject
Project("{2150E333-8FDC-42A3-9474-1A3956D46DE8}") = "Deposit", "Deposit", "{4B6AD381-622F-4E6A-8038-AA28DFB22753}"
EndProject
Project("{2150E333-8FDC-42A3-9474-1A3956D46DE8}") = "History", "History", "{BB0CD138-4A8B-4373-A62B-76E8420FD6C5}"
EndProject
Project("{2150E333-8FDC-42A3-9474-1A3956D46DE8}") = "Notification", "Notification", "{DC74973B-AC96-4C0A-B574-1274350D7F0B}"
EndProject
Project("{2150E333-8FDC-42A3-9474-1A3956D46DE8}") = "Security", "Security", "{26FCCE7E-76F3-47F8-B93B-E88D0FAF4223}"
EndProject
Project("{2150E333-8FDC-42A3-9474-1A3956D46DE8}") = "Withdrawal", "Withdrawal", "{E65EF9AB-F9DF-41D7-93E5-40B4ADF7C391}"
EndProject
Project("{9A19103F-16F7-4668-BE54-9A1E7A4F7556}") = "BASE.MICRONET.Security", "BASE.MICRONET.Security\BASE.MICRONET.Security.csproj", "{F63637AF-D887-41BD-AE49-D7784DBD79A5}"
EndProject
Project("{9A19103F-16F7-4668-BE54-9A1E7A4F7556}") = "BASE.MICRONET.Account", "BASE.MICRONET.Account\BASE.MICRONET.Account.csproj", "{C677C7A8-9FCB-4269-8444-C737D4D1C56E}"
EndProject
Project("{9A19103F-16F7-4668-BE54-9A1E7A4F7556}") = "BASE.MICRONET.Deposit", "BASE.MICRONET.Deposit\BASE.MICRONET.Deposit.csproj", "{0465DCA3-3E2A-4105-9851-9218A75B8A9D}"
EndProject
Project("{9A19103F-16F7-4668-BE54-9A1E7A4F7556}") = "BASE.MICRONET.History", "BASE.MICRONET.History\BASE.MICRONET.History.csproj", "{13E8B7B5-D69B-4E6F-9889-ABEE9E6A1C2E}"
EndProject
Project("{9A19103F-16F7-4668-BE54-9A1E7A4F7556}") = "BASE.MICRONET.Notification", "BASE.MICRONET.Notification\BASE.MICRONET.Notification.csproj", "{CB3FF504-48BA-4A8A-A09F-975D5FC6B076}"
EndProject
Project("{9A19103F-16F7-4668-BE54-9A1E7A4F7556}") = "BASE.MICRONET.Withdrawal", "BASE.MICRONET.Withdrawal\BASE.MICRONET.Withdrawal.csproj", "{2FF4F1EA-1EA1-4D0F-964D-4B19E65DD35D}"
EndProject
Project("{FAE04EC0-301F-11D3-BF4B-00C04F79EFBC}") = "BASE.MICRONET.Cross.Token", "BASE.MICRONET.Cross.Token\BASE.MICRONET.Cross.Token.csproj", "{FCED9D9F-E303-48C1-88DD-0F44813CEFE1}"
EndProject
Project("{FAE04EC0-301F-11D3-BF4B-00C04F79EFBC}") = "BASE.MICRONET.Cross.Cache", "BASE.MICRONET.Cross.Cache\BASE.MICRONET.Cross.Cache.csproj", "{C21A4C39-EED9-491F-BB7F-59B3653B22BD}"
EndProject
Project("{FAE04EC0-301F-11D3-BF4B-00C04F79EFBC}") = "BASE.MICRONET.Cross.Discovery", "BASE.MICRONET.Cross.Discovery\BASE.MICRONET.Cross.Discovery.csproj", "{5979DB48-04DB-4D3D-A242-A57E19300159}"
EndProject
Project("{FAE04EC0-301F-11D3-BF4B-00C04F79EFBC}") = "BASE.MICRONET.Cross.Event", "BASE.MICRONET.Cross.Event\BASE.MICRONET.Cross.Event.csproj", "{942834ED-2F09-4817-87C2-B1A409CBCFC1}"
EndProject
Project("{FAE04EC0-301F-11D3-BF4B-00C04F79EFBC}") = "BASE.MICRONET.Cross.Http", "BASE.MICRONET.Cross.Http\BASE.MICRONET.Cross.Http.csproj", "{9DC1A704-19CD-407A-BE44-D869B43AD36D}"
EndProject
Project("{FAE04EC0-301F-11D3-BF4B-00C04F79EFBC}") = "BASE.MICRONET.Cross.Log", "BASE.MICRONET.Cross.Log\BASE.MICRONET.Cross.Log.csproj", "{F32B65B4-DE36-453D-9DF6-E9BEB624132C}"
EndProject
Project("{FAE04EC0-301F-11D3-BF4B-00C04F79EFBC}") = "BASE.MICRONET.Cross.Metric", "BASE.MICRONET.Cross.Metric\BASE.MICRONET.Cross.Metric.csproj", "{3DFE5A27-35CF-4714-A145-803367101185}"
EndProject
Project("{FAE04EC0-301F-11D3-BF4B-00C04F79EFBC}") = "BASE.MICRONET.Cross.Tracing", "BASE.MICRONET.Cross.Tracing\BASE.MICRONET.Cross.Tracing.csproj", "{71F71AFB-41E5-4DC5-BCEA-6EF8A0993D22}"
EndProject
Project("{FAE04EC0-301F-11D3-BF4B-00C04F79EFBC}") = "BASE.MICRONET.Gateway", "BASE.MICRONET.Gateway\BASE.MICRONET.Gateway.csproj", "{DF9DEE1E-B3B1-482A-BBFE-F19F3D8D12E9}"
EndProject
Global
	GlobalSection(SolutionConfigurationPlatforms) = preSolution
		Debug|Any CPU = Debug|Any CPU
		Release|Any CPU = Release|Any CPU
	EndGlobalSection
	GlobalSection(ProjectConfigurationPlatforms) = postSolution
		{F63637AF-D887-41BD-AE49-D7784DBD79A5}.Debug|Any CPU.ActiveCfg = Debug|Any CPU
		{F63637AF-D887-41BD-AE49-D7784DBD79A5}.Debug|Any CPU.Build.0 = Debug|Any CPU
		{F63637AF-D887-41BD-AE49-D7784DBD79A5}.Release|Any CPU.ActiveCfg = Release|Any CPU
		{F63637AF-D887-41BD-AE49-D7784DBD79A5}.Release|Any CPU.Build.0 = Release|Any CPU
		{C677C7A8-9FCB-4269-8444-C737D4D1C56E}.Debug|Any CPU.ActiveCfg = Debug|Any CPU
		{C677C7A8-9FCB-4269-8444-C737D4D1C56E}.Debug|Any CPU.Build.0 = Debug|Any CPU
		{C677C7A8-9FCB-4269-8444-C737D4D1C56E}.Release|Any CPU.ActiveCfg = Release|Any CPU
		{C677C7A8-9FCB-4269-8444-C737D4D1C56E}.Release|Any CPU.Build.0 = Release|Any CPU
		{0465DCA3-3E2A-4105-9851-9218A75B8A9D}.Debug|Any CPU.ActiveCfg = Debug|Any CPU
		{0465DCA3-3E2A-4105-9851-9218A75B8A9D}.Debug|Any CPU.Build.0 = Debug|Any CPU
		{0465DCA3-3E2A-4105-9851-9218A75B8A9D}.Release|Any CPU.ActiveCfg = Release|Any CPU
		{0465DCA3-3E2A-4105-9851-9218A75B8A9D}.Release|Any CPU.Build.0 = Release|Any CPU
		{13E8B7B5-D69B-4E6F-9889-ABEE9E6A1C2E}.Debug|Any CPU.ActiveCfg = Debug|Any CPU
		{13E8B7B5-D69B-4E6F-9889-ABEE9E6A1C2E}.Debug|Any CPU.Build.0 = Debug|Any CPU
		{13E8B7B5-D69B-4E6F-9889-ABEE9E6A1C2E}.Release|Any CPU.ActiveCfg = Release|Any CPU
		{13E8B7B5-D69B-4E6F-9889-ABEE9E6A1C2E}.Release|Any CPU.Build.0 = Release|Any CPU
		{CB3FF504-48BA-4A8A-A09F-975D5FC6B076}.Debug|Any CPU.ActiveCfg = Debug|Any CPU
		{CB3FF504-48BA-4A8A-A09F-975D5FC6B076}.Debug|Any CPU.Build.0 = Debug|Any CPU
		{CB3FF504-48BA-4A8A-A09F-975D5FC6B076}.Release|Any CPU.ActiveCfg = Release|Any CPU
		{CB3FF504-48BA-4A8A-A09F-975D5FC6B076}.Release|Any CPU.Build.0 = Release|Any CPU
		{2FF4F1EA-1EA1-4D0F-964D-4B19E65DD35D}.Debug|Any CPU.ActiveCfg = Debug|Any CPU
		{2FF4F1EA-1EA1-4D0F-964D-4B19E65DD35D}.Debug|Any CPU.Build.0 = Debug|Any CPU
		{2FF4F1EA-1EA1-4D0F-964D-4B19E65DD35D}.Release|Any CPU.ActiveCfg = Release|Any CPU
		{2FF4F1EA-1EA1-4D0F-964D-4B19E65DD35D}.Release|Any CPU.Build.0 = Release|Any CPU
		{FCED9D9F-E303-48C1-88DD-0F44813CEFE1}.Debug|Any CPU.ActiveCfg = Debug|Any CPU
		{FCED9D9F-E303-48C1-88DD-0F44813CEFE1}.Debug|Any CPU.Build.0 = Debug|Any CPU
		{FCED9D9F-E303-48C1-88DD-0F44813CEFE1}.Release|Any CPU.ActiveCfg = Release|Any CPU
		{FCED9D9F-E303-48C1-88DD-0F44813CEFE1}.Release|Any CPU.Build.0 = Release|Any CPU
		{C21A4C39-EED9-491F-BB7F-59B3653B22BD}.Debug|Any CPU.ActiveCfg = Debug|Any CPU
		{C21A4C39-EED9-491F-BB7F-59B3653B22BD}.Debug|Any CPU.Build.0 = Debug|Any CPU
		{C21A4C39-EED9-491F-BB7F-59B3653B22BD}.Release|Any CPU.ActiveCfg = Release|Any CPU
		{C21A4C39-EED9-491F-BB7F-59B3653B22BD}.Release|Any CPU.Build.0 = Release|Any CPU
		{5979DB48-04DB-4D3D-A242-A57E19300159}.Debug|Any CPU.ActiveCfg = Debug|Any CPU
		{5979DB48-04DB-4D3D-A242-A57E19300159}.Debug|Any CPU.Build.0 = Debug|Any CPU
		{5979DB48-04DB-4D3D-A242-A57E19300159}.Release|Any CPU.ActiveCfg = Release|Any CPU
		{5979DB48-04DB-4D3D-A242-A57E19300159}.Release|Any CPU.Build.0 = Release|Any CPU
		{942834ED-2F09-4817-87C2-B1A409CBCFC1}.Debug|Any CPU.ActiveCfg = Debug|Any CPU
		{942834ED-2F09-4817-87C2-B1A409CBCFC1}.Debug|Any CPU.Build.0 = Debug|Any CPU
		{942834ED-2F09-4817-87C2-B1A409CBCFC1}.Release|Any CPU.ActiveCfg = Release|Any CPU
		{942834ED-2F09-4817-87C2-B1A409CBCFC1}.Release|Any CPU.Build.0 = Release|Any CPU
		{9DC1A704-19CD-407A-BE44-D869B43AD36D}.Debug|Any CPU.ActiveCfg = Debug|Any CPU
		{9DC1A704-19CD-407A-BE44-D869B43AD36D}.Debug|Any CPU.Build.0 = Debug|Any CPU
		{9DC1A704-19CD-407A-BE44-D869B43AD36D}.Release|Any CPU.ActiveCfg = Release|Any CPU
		{9DC1A704-19CD-407A-BE44-D869B43AD36D}.Release|Any CPU.Build.0 = Release|Any CPU
		{F32B65B4-DE36-453D-9DF6-E9BEB624132C}.Debug|Any CPU.ActiveCfg = Debug|Any CPU
		{F32B65B4-DE36-453D-9DF6-E9BEB624132C}.Debug|Any CPU.Build.0 = Debug|Any CPU
		{F32B65B4-DE36-453D-9DF6-E9BEB624132C}.Release|Any CPU.ActiveCfg = Release|Any CPU
		{F32B65B4-DE36-453D-9DF6-E9BEB624132C}.Release|Any CPU.Build.0 = Release|Any CPU
		{3DFE5A27-35CF-4714-A145-803367101185}.Debug|Any CPU.ActiveCfg = Debug|Any CPU
		{3DFE5A27-35CF-4714-A145-803367101185}.Debug|Any CPU.Build.0 = Debug|Any CPU
		{3DFE5A27-35CF-4714-A145-803367101185}.Release|Any CPU.ActiveCfg = Release|Any CPU
		{3DFE5A27-35CF-4714-A145-803367101185}.Release|Any CPU.Build.0 = Release|Any CPU
		{71F71AFB-41E5-4DC5-BCEA-6EF8A0993D22}.Debug|Any CPU.ActiveCfg = Debug|Any CPU
		{71F71AFB-41E5-4DC5-BCEA-6EF8A0993D22}.Debug|Any CPU.Build.0 = Debug|Any CPU
		{71F71AFB-41E5-4DC5-BCEA-6EF8A0993D22}.Release|Any CPU.ActiveCfg = Release|Any CPU
		{71F71AFB-41E5-4DC5-BCEA-6EF8A0993D22}.Release|Any CPU.Build.0 = Release|Any CPU
		{DF9DEE1E-B3B1-482A-BBFE-F19F3D8D12E9}.Debug|Any CPU.ActiveCfg = Debug|Any CPU
		{DF9DEE1E-B3B1-482A-BBFE-F19F3D8D12E9}.Debug|Any CPU.Build.0 = Debug|Any CPU
		{DF9DEE1E-B3B1-482A-BBFE-F19F3D8D12E9}.Release|Any CPU.ActiveCfg = Release|Any CPU
		{DF9DEE1E-B3B1-482A-BBFE-F19F3D8D12E9}.Release|Any CPU.Build.0 = Release|Any CPU
	EndGlobalSection
	GlobalSection(SolutionProperties) = preSolution
		HideSolutionNode = FALSE
	EndGlobalSection
	GlobalSection(NestedProjects) = preSolution
		{3249A064-3940-48F2-90BC-25E161A31CB1} = {AD6A4ACF-6992-4BED-A141-752145C65699}
		{03F93760-B0A0-43CA-BF74-943ED0D11615} = {AD6A4ACF-6992-4BED-A141-752145C65699}
		{9C7CBD4C-F425-45DF-9623-BFB7C3DA0FA1} = {03F93760-B0A0-43CA-BF74-943ED0D11615}
		{4B6AD381-622F-4E6A-8038-AA28DFB22753} = {03F93760-B0A0-43CA-BF74-943ED0D11615}
		{BB0CD138-4A8B-4373-A62B-76E8420FD6C5} = {03F93760-B0A0-43CA-BF74-943ED0D11615}
		{DC74973B-AC96-4C0A-B574-1274350D7F0B} = {03F93760-B0A0-43CA-BF74-943ED0D11615}
		{26FCCE7E-76F3-47F8-B93B-E88D0FAF4223} = {03F93760-B0A0-43CA-BF74-943ED0D11615}
		{E65EF9AB-F9DF-41D7-93E5-40B4ADF7C391} = {03F93760-B0A0-43CA-BF74-943ED0D11615}
		{F63637AF-D887-41BD-AE49-D7784DBD79A5} = {26FCCE7E-76F3-47F8-B93B-E88D0FAF4223}
		{C677C7A8-9FCB-4269-8444-C737D4D1C56E} = {9C7CBD4C-F425-45DF-9623-BFB7C3DA0FA1}
		{0465DCA3-3E2A-4105-9851-9218A75B8A9D} = {4B6AD381-622F-4E6A-8038-AA28DFB22753}
		{13E8B7B5-D69B-4E6F-9889-ABEE9E6A1C2E} = {BB0CD138-4A8B-4373-A62B-76E8420FD6C5}
		{CB3FF504-48BA-4A8A-A09F-975D5FC6B076} = {DC74973B-AC96-4C0A-B574-1274350D7F0B}
		{2FF4F1EA-1EA1-4D0F-964D-4B19E65DD35D} = {E65EF9AB-F9DF-41D7-93E5-40B4ADF7C391}
		{FCED9D9F-E303-48C1-88DD-0F44813CEFE1} = {9ACD0FE9-4CD3-4DD5-9E75-E9D8E7ABFBA3}
		{C21A4C39-EED9-491F-BB7F-59B3653B22BD} = {9ACD0FE9-4CD3-4DD5-9E75-E9D8E7ABFBA3}
		{5979DB48-04DB-4D3D-A242-A57E19300159} = {9ACD0FE9-4CD3-4DD5-9E75-E9D8E7ABFBA3}
		{942834ED-2F09-4817-87C2-B1A409CBCFC1} = {9ACD0FE9-4CD3-4DD5-9E75-E9D8E7ABFBA3}
		{9DC1A704-19CD-407A-BE44-D869B43AD36D} = {9ACD0FE9-4CD3-4DD5-9E75-E9D8E7ABFBA3}
		{F32B65B4-DE36-453D-9DF6-E9BEB624132C} = {9ACD0FE9-4CD3-4DD5-9E75-E9D8E7ABFBA3}
		{3DFE5A27-35CF-4714-A145-803367101185} = {9ACD0FE9-4CD3-4DD5-9E75-E9D8E7ABFBA3}
		{71F71AFB-41E5-4DC5-BCEA-6EF8A0993D22} = {9ACD0FE9-4CD3-4DD5-9E75-E9D8E7ABFBA3}
		{DF9DEE1E-B3B1-482A-BBFE-F19F3D8D12E9} = {3249A064-3940-48F2-90BC-25E161A31CB1}
	EndGlobalSection
	GlobalSection(ExtensibilityGlobals) = postSolution
		SolutionGuid = {19EA65C5-384B-4E27-BBDB-1372652CA35A}
	EndGlobalSection
EndGlobal
